// !$*UTF8*$!
{
	archiveVersion = 1;
	classes = {
	};
	objectVersion = 54;
	objects = {

/* Begin PBXBuildFile section */
		00E356F31AD99517003FC87E /* RNVPTests.m in Sources */ = {isa = PBXBuildFile; fileRef = 00E356F21AD99517003FC87E /* RNVPTests.m */; };
		13B07FBC1A68108700A75B9A /* AppDelegate.m in Sources */ = {isa = PBXBuildFile; fileRef = 13B07FB01A68108700A75B9A /* AppDelegate.m */; };
		13B07FBF1A68108700A75B9A /* Images.xcassets in Resources */ = {isa = PBXBuildFile; fileRef = 13B07FB51A68108700A75B9A /* Images.xcassets */; };
		13B07FC11A68108700A75B9A /* main.m in Sources */ = {isa = PBXBuildFile; fileRef = 13B07FB71A68108700A75B9A /* main.m */; };
		18A5CBD22881215800FD4911 /* RNVideoProcessingManager.swift in Sources */ = {isa = PBXBuildFile; fileRef = 18A5CBB92881215800FD4911 /* RNVideoProcessingManager.swift */; };
		18A5CBD72881215800FD4911 /* RNVideoProcessingBridge.m in Sources */ = {isa = PBXBuildFile; fileRef = 18A5CBC12881215800FD4911 /* RNVideoProcessingBridge.m */; };
		18A5CBD82881215800FD4911 /* RNVideoPlayer.swift in Sources */ = {isa = PBXBuildFile; fileRef = 18A5CBC22881215800FD4911 /* RNVideoPlayer.swift */; };
		18A5CBDF2881215800FD4911 /* VideoProcessingGPUFilters.swift in Sources */ = {isa = PBXBuildFile; fileRef = 18A5CBD12881215800FD4911 /* VideoProcessingGPUFilters.swift */; };
		18A5CBE92881218F00FD4911 /* AVUtilities.swift in Sources */ = {isa = PBXBuildFile; fileRef = 18A5CBE42881218F00FD4911 /* AVUtilities.swift */; };
		18A5CBEA2881218F00FD4911 /* SDAVAssetExportSession.m in Sources */ = {isa = PBXBuildFile; fileRef = 18A5CBE52881218F00FD4911 /* SDAVAssetExportSession.m */; };
		18A5CBEB2881218F00FD4911 /* RNVideoTrimmer.swift in Sources */ = {isa = PBXBuildFile; fileRef = 18A5CBE62881218F00FD4911 /* RNVideoTrimmer.swift */; };
		18A5CBEC2881218F00FD4911 /* RNVideoTrimmerBridge.m in Sources */ = {isa = PBXBuildFile; fileRef = 18A5CBE72881218F00FD4911 /* RNVideoTrimmerBridge.m */; };
		18A5CBF2288121A300FD4911 /* RNTrimmerView.swift in Sources */ = {isa = PBXBuildFile; fileRef = 18A5CBEF288121A300FD4911 /* RNTrimmerView.swift */; };
		18A5CBF3288121A300FD4911 /* RNTrimmerViewBridge.m in Sources */ = {isa = PBXBuildFile; fileRef = 18A5CBF0288121A300FD4911 /* RNTrimmerViewBridge.m */; };
		18A5CBF4288121A300FD4911 /* RNTrimmerViewManager.swift in Sources */ = {isa = PBXBuildFile; fileRef = 18A5CBF1288121A300FD4911 /* RNTrimmerViewManager.swift */; };
		18A5CBFC288121B600FD4911 /* ICGRulerView.m in Sources */ = {isa = PBXBuildFile; fileRef = 18A5CBF6288121B600FD4911 /* ICGRulerView.m */; };
		18A5CBFD288121B700FD4911 /* ICGVideoTrimmerView.m in Sources */ = {isa = PBXBuildFile; fileRef = 18A5CBF8288121B600FD4911 /* ICGVideoTrimmerView.m */; };
		18A5CBFE288121B700FD4911 /* ICGThumbView.m in Sources */ = {isa = PBXBuildFile; fileRef = 18A5CBFB288121B600FD4911 /* ICGThumbView.m */; };
		18A5CC042881223A00FD4911 /* libbz2.tbd in Frameworks */ = {isa = PBXBuildFile; fileRef = 18A5CC032881223200FD4911 /* libbz2.tbd */; };
		18A5CC052881224200FD4911 /* libz.tbd in Frameworks */ = {isa = PBXBuildFile; fileRef = 18A5CC022881222C00FD4911 /* libz.tbd */; };
		18A5CC072881225600FD4911 /* libiconv.tbd in Frameworks */ = {isa = PBXBuildFile; fileRef = 18A5CC062881224B00FD4911 /* libiconv.tbd */; };
		18A5CC1328812DDC00FD4911 /* VideoToolbox.framework in Frameworks */ = {isa = PBXBuildFile; fileRef = 18A5CC1228812DDC00FD4911 /* VideoToolbox.framework */; };
		18A7786228848B1E0099C8B3 /* GPUImage.framework in Frameworks */ = {isa = PBXBuildFile; fileRef = 18A7786128843F150099C8B3 /* GPUImage.framework */; };
		18CC70502884CB2E00F6E5D3 /* FFmpeg.framework in Frameworks */ = {isa = PBXBuildFile; fileRef = 18A5CC1028812BA700FD4911 /* FFmpeg.framework */; };
		18CC70512884CB2E00F6E5D3 /* FFmpeg.framework in Embed Frameworks */ = {isa = PBXBuildFile; fileRef = 18A5CC1028812BA700FD4911 /* FFmpeg.framework */; settings = {ATTRIBUTES = (CodeSignOnCopy, RemoveHeadersOnCopy, ); }; };
		18FCA9A92879599500996AEC /* CoreVideo.framework in Frameworks */ = {isa = PBXBuildFile; fileRef = 18FCA9A52879599500996AEC /* CoreVideo.framework */; };
		18FCA9AB2879599D00996AEC /* CoreMedia.framework in Frameworks */ = {isa = PBXBuildFile; fileRef = 18FCA9AA2879599D00996AEC /* CoreMedia.framework */; };
		18FCA9AD287959A500996AEC /* CoreServices.framework in Frameworks */ = {isa = PBXBuildFile; fileRef = 18FCA9AC287959A500996AEC /* CoreServices.framework */; };
		18FCA9AF287959B500996AEC /* AVFoundation.framework in Frameworks */ = {isa = PBXBuildFile; fileRef = 18FCA9AE287959B500996AEC /* AVFoundation.framework */; };
		18FCA9B1287959BC00996AEC /* OpenGLES.framework in Frameworks */ = {isa = PBXBuildFile; fileRef = 18FCA9B0287959BC00996AEC /* OpenGLES.framework */; };
		18FCA9B628795A0000996AEC /* QuartzCore.framework in Frameworks */ = {isa = PBXBuildFile; fileRef = 18FCA9B528795A0000996AEC /* QuartzCore.framework */; };
		81AB9BB82411601600AC10FF /* LaunchScreen.storyboard in Resources */ = {isa = PBXBuildFile; fileRef = 81AB9BB72411601600AC10FF /* LaunchScreen.storyboard */; };
/* End PBXBuildFile section */

/* Begin PBXContainerItemProxy section */
		00E356F41AD99517003FC87E /* PBXContainerItemProxy */ = {
			isa = PBXContainerItemProxy;
			containerPortal = 83CBB9F71A601CBA00E9B192 /* Project object */;
			proxyType = 1;
			remoteGlobalIDString = 13B07F861A680F5B00A75B9A;
			remoteInfo = RNVP;
		};
		18A7785E28843F150099C8B3 /* PBXContainerItemProxy */ = {
			isa = PBXContainerItemProxy;
			containerPortal = 18A7785828843F150099C8B3 /* GPUImage.xcodeproj */;
			proxyType = 2;
			remoteGlobalIDString = BCF1A33414DDB1EC00852800;
			remoteInfo = GPUImage;
		};
		18A7786028843F150099C8B3 /* PBXContainerItemProxy */ = {
			isa = PBXContainerItemProxy;
			containerPortal = 18A7785828843F150099C8B3 /* GPUImage.xcodeproj */;
			proxyType = 2;
			remoteGlobalIDString = BCE209E51943F20C002FEED8;
			remoteInfo = GPUImageFramework;
		};
/* End PBXContainerItemProxy section */

/* Begin PBXCopyFilesBuildPhase section */
		18CC70522884CB2E00F6E5D3 /* Embed Frameworks */ = {
			isa = PBXCopyFilesBuildPhase;
			buildActionMask = 2147483647;
			dstPath = "";
			dstSubfolderSpec = 10;
			files = (
				18CC70512884CB2E00F6E5D3 /* FFmpeg.framework in Embed Frameworks */,
			);
			name = "Embed Frameworks";
			runOnlyForDeploymentPostprocessing = 0;
		};
/* End PBXCopyFilesBuildPhase section */

/* Begin PBXFileReference section */
		00E356EE1AD99517003FC87E /* RNVPTests.xctest */ = {isa = PBXFileReference; explicitFileType = wrapper.cfbundle; includeInIndex = 0; path = RNVPTests.xctest; sourceTree = BUILT_PRODUCTS_DIR; };
		00E356F11AD99517003FC87E /* Info.plist */ = {isa = PBXFileReference; lastKnownFileType = text.plist.xml; path = Info.plist; sourceTree = "<group>"; };
		00E356F21AD99517003FC87E /* RNVPTests.m */ = {isa = PBXFileReference; lastKnownFileType = sourcecode.c.objc; path = RNVPTests.m; sourceTree = "<group>"; };
		13B07F961A680F5B00A75B9A /* RNVP.app */ = {isa = PBXFileReference; explicitFileType = wrapper.application; includeInIndex = 0; path = RNVP.app; sourceTree = BUILT_PRODUCTS_DIR; };
		13B07FAF1A68108700A75B9A /* AppDelegate.h */ = {isa = PBXFileReference; fileEncoding = 4; lastKnownFileType = sourcecode.c.h; name = AppDelegate.h; path = RNVP/AppDelegate.h; sourceTree = "<group>"; };
		13B07FB01A68108700A75B9A /* AppDelegate.m */ = {isa = PBXFileReference; fileEncoding = 4; lastKnownFileType = sourcecode.c.objc; name = AppDelegate.m; path = RNVP/AppDelegate.m; sourceTree = "<group>"; };
		13B07FB51A68108700A75B9A /* Images.xcassets */ = {isa = PBXFileReference; lastKnownFileType = folder.assetcatalog; name = Images.xcassets; path = RNVP/Images.xcassets; sourceTree = "<group>"; };
		13B07FB61A68108700A75B9A /* Info.plist */ = {isa = PBXFileReference; fileEncoding = 4; lastKnownFileType = text.plist.xml; name = Info.plist; path = RNVP/Info.plist; sourceTree = "<group>"; };
		13B07FB71A68108700A75B9A /* main.m */ = {isa = PBXFileReference; fileEncoding = 4; lastKnownFileType = sourcecode.c.objc; name = main.m; path = RNVP/main.m; sourceTree = "<group>"; };
		18A5CBB32881215800FD4911 /* RNVideoProcessing-Bridging-Header.h */ = {isa = PBXFileReference; fileEncoding = 4; lastKnownFileType = sourcecode.c.h; name = "RNVideoProcessing-Bridging-Header.h"; path = "../../RNVP_module/ios/RNVideoProcessing/RNVideoProcessing-Bridging-Header.h"; sourceTree = "<group>"; };
		18A5CBB72881215800FD4911 /* RCTSwiftBridgeModule.h */ = {isa = PBXFileReference; fileEncoding = 4; lastKnownFileType = sourcecode.c.h; path = RCTSwiftBridgeModule.h; sourceTree = "<group>"; };
		18A5CBB82881215800FD4911 /* RNVideoProcessing.h */ = {isa = PBXFileReference; fileEncoding = 4; lastKnownFileType = sourcecode.c.h; name = RNVideoProcessing.h; path = ../../RNVP_module/ios/RNVideoProcessing/RNVideoProcessing.h; sourceTree = "<group>"; };
		18A5CBB92881215800FD4911 /* RNVideoProcessingManager.swift */ = {isa = PBXFileReference; fileEncoding = 4; lastKnownFileType = sourcecode.swift; path = RNVideoProcessingManager.swift; sourceTree = "<group>"; };
		18A5CBC12881215800FD4911 /* RNVideoProcessingBridge.m */ = {isa = PBXFileReference; fileEncoding = 4; lastKnownFileType = sourcecode.c.objc; name = RNVideoProcessingBridge.m; path = ../../RNVP_module/ios/RNVideoProcessing/RNVideoProcessingBridge.m; sourceTree = "<group>"; };
		18A5CBC22881215800FD4911 /* RNVideoPlayer.swift */ = {isa = PBXFileReference; fileEncoding = 4; lastKnownFileType = sourcecode.swift; name = RNVideoPlayer.swift; path = ../../RNVP_module/ios/RNVideoProcessing/RNVideoPlayer.swift; sourceTree = "<group>"; };
		18A5CBD12881215800FD4911 /* VideoProcessingGPUFilters.swift */ = {isa = PBXFileReference; fileEncoding = 4; lastKnownFileType = sourcecode.swift; name = VideoProcessingGPUFilters.swift; path = ../../RNVP_module/ios/RNVideoProcessing/VideoProcessingGPUFilters.swift; sourceTree = "<group>"; };
		18A5CBE32881218F00FD4911 /* RNVideoTrimmer-Bridging-Header.h */ = {isa = PBXFileReference; fileEncoding = 4; lastKnownFileType = sourcecode.c.h; name = "RNVideoTrimmer-Bridging-Header.h"; path = "../../../RNVP_module/ios/RNVideoProcessing/RNVideoTrimmer/RNVideoTrimmer-Bridging-Header.h"; sourceTree = "<group>"; };
		18A5CBE42881218F00FD4911 /* AVUtilities.swift */ = {isa = PBXFileReference; fileEncoding = 4; lastKnownFileType = sourcecode.swift; name = AVUtilities.swift; path = ../../../RNVP_module/ios/RNVideoProcessing/RNVideoTrimmer/AVUtilities.swift; sourceTree = "<group>"; };
		18A5CBE52881218F00FD4911 /* SDAVAssetExportSession.m */ = {isa = PBXFileReference; fileEncoding = 4; lastKnownFileType = sourcecode.c.objc; name = SDAVAssetExportSession.m; path = ../../../RNVP_module/ios/RNVideoProcessing/RNVideoTrimmer/SDAVAssetExportSession.m; sourceTree = "<group>"; };
		18A5CBE62881218F00FD4911 /* RNVideoTrimmer.swift */ = {isa = PBXFileReference; fileEncoding = 4; lastKnownFileType = sourcecode.swift; name = RNVideoTrimmer.swift; path = ../../../RNVP_module/ios/RNVideoProcessing/RNVideoTrimmer/RNVideoTrimmer.swift; sourceTree = "<group>"; };
		18A5CBE72881218F00FD4911 /* RNVideoTrimmerBridge.m */ = {isa = PBXFileReference; fileEncoding = 4; lastKnownFileType = sourcecode.c.objc; name = RNVideoTrimmerBridge.m; path = ../../../RNVP_module/ios/RNVideoProcessing/RNVideoTrimmer/RNVideoTrimmerBridge.m; sourceTree = "<group>"; };
		18A5CBE82881218F00FD4911 /* SDAVAssetExportSession.h */ = {isa = PBXFileReference; fileEncoding = 4; lastKnownFileType = sourcecode.c.h; name = SDAVAssetExportSession.h; path = ../../../RNVP_module/ios/RNVideoProcessing/RNVideoTrimmer/SDAVAssetExportSession.h; sourceTree = "<group>"; };
		18A5CBED288121A300FD4911 /* RNTrimmerView-Bridging-Header.h */ = {isa = PBXFileReference; fileEncoding = 4; lastKnownFileType = sourcecode.c.h; name = "RNTrimmerView-Bridging-Header.h"; path = "../../../RNVP_module/ios/RNVideoProcessing/RNTrimmerView/RNTrimmerView-Bridging-Header.h"; sourceTree = "<group>"; };
		18A5CBEE288121A300FD4911 /* RNTrimmerView.h */ = {isa = PBXFileReference; fileEncoding = 4; lastKnownFileType = sourcecode.c.h; name = RNTrimmerView.h; path = ../../../RNVP_module/ios/RNVideoProcessing/RNTrimmerView/RNTrimmerView.h; sourceTree = "<group>"; };
		18A5CBEF288121A300FD4911 /* RNTrimmerView.swift */ = {isa = PBXFileReference; fileEncoding = 4; lastKnownFileType = sourcecode.swift; name = RNTrimmerView.swift; path = ../../../RNVP_module/ios/RNVideoProcessing/RNTrimmerView/RNTrimmerView.swift; sourceTree = "<group>"; };
		18A5CBF0288121A300FD4911 /* RNTrimmerViewBridge.m */ = {isa = PBXFileReference; fileEncoding = 4; lastKnownFileType = sourcecode.c.objc; name = RNTrimmerViewBridge.m; path = ../../../RNVP_module/ios/RNVideoProcessing/RNTrimmerView/RNTrimmerViewBridge.m; sourceTree = "<group>"; };
		18A5CBF1288121A300FD4911 /* RNTrimmerViewManager.swift */ = {isa = PBXFileReference; fileEncoding = 4; lastKnownFileType = sourcecode.swift; name = RNTrimmerViewManager.swift; path = ../../../RNVP_module/ios/RNVideoProcessing/RNTrimmerView/RNTrimmerViewManager.swift; sourceTree = "<group>"; };
		18A5CBF5288121B600FD4911 /* ICGVideoTrimmerView.h */ = {isa = PBXFileReference; fileEncoding = 4; lastKnownFileType = sourcecode.c.h; path = ICGVideoTrimmerView.h; sourceTree = "<group>"; };
		18A5CBF6288121B600FD4911 /* ICGRulerView.m */ = {isa = PBXFileReference; fileEncoding = 4; lastKnownFileType = sourcecode.c.objc; name = ICGRulerView.m; path = ../../../../RNVP_module/ios/RNVideoProcessing/RNTrimmerView/ICGVideoTrimmer/ICGRulerView.m; sourceTree = "<group>"; };
		18A5CBF7288121B600FD4911 /* ICGRulerView.h */ = {isa = PBXFileReference; fileEncoding = 4; lastKnownFileType = sourcecode.c.h; name = ICGRulerView.h; path = ../../../../RNVP_module/ios/RNVideoProcessing/RNTrimmerView/ICGVideoTrimmer/ICGRulerView.h; sourceTree = "<group>"; };
		18A5CBF8288121B600FD4911 /* ICGVideoTrimmerView.m */ = {isa = PBXFileReference; fileEncoding = 4; lastKnownFileType = sourcecode.c.objc; name = ICGVideoTrimmerView.m; path = ../../../../RNVP_module/ios/RNVideoProcessing/RNTrimmerView/ICGVideoTrimmer/ICGVideoTrimmerView.m; sourceTree = "<group>"; };
		18A5CBF9288121B600FD4911 /* ICGVideoTrimmer.h */ = {isa = PBXFileReference; fileEncoding = 4; lastKnownFileType = sourcecode.c.h; name = ICGVideoTrimmer.h; path = ../../../../RNVP_module/ios/RNVideoProcessing/RNTrimmerView/ICGVideoTrimmer/ICGVideoTrimmer.h; sourceTree = "<group>"; };
		18A5CBFA288121B600FD4911 /* ICGThumbView.h */ = {isa = PBXFileReference; fileEncoding = 4; lastKnownFileType = sourcecode.c.h; name = ICGThumbView.h; path = ../../../../RNVP_module/ios/RNVideoProcessing/RNTrimmerView/ICGVideoTrimmer/ICGThumbView.h; sourceTree = "<group>"; };
		18A5CBFB288121B600FD4911 /* ICGThumbView.m */ = {isa = PBXFileReference; fileEncoding = 4; lastKnownFileType = sourcecode.c.objc; name = ICGThumbView.m; path = ../../../../RNVP_module/ios/RNVideoProcessing/RNTrimmerView/ICGVideoTrimmer/ICGThumbView.m; sourceTree = "<group>"; };
		18A5CC002881221D00FD4911 /* FFmpeg.framework */ = {isa = PBXFileReference; lastKnownFileType = wrapper.framework; path = FFmpeg.framework; sourceTree = "<group>"; };
		18A5CC022881222C00FD4911 /* libz.tbd */ = {isa = PBXFileReference; lastKnownFileType = "sourcecode.text-based-dylib-definition"; name = libz.tbd; path = usr/lib/libz.tbd; sourceTree = SDKROOT; };
		18A5CC032881223200FD4911 /* libbz2.tbd */ = {isa = PBXFileReference; lastKnownFileType = "sourcecode.text-based-dylib-definition"; name = libbz2.tbd; path = usr/lib/libbz2.tbd; sourceTree = SDKROOT; };
		18A5CC062881224B00FD4911 /* libiconv.tbd */ = {isa = PBXFileReference; lastKnownFileType = "sourcecode.text-based-dylib-definition"; name = libiconv.tbd; path = usr/lib/libiconv.tbd; sourceTree = SDKROOT; };
		18A5CC1028812BA700FD4911 /* FFmpeg.framework */ = {isa = PBXFileReference; lastKnownFileType = wrapper.framework; name = FFmpeg.framework; path = FFmpegDylibFramework/FFmpeg.framework; sourceTree = "<group>"; };
		18A5CC1228812DDC00FD4911 /* VideoToolbox.framework */ = {isa = PBXFileReference; lastKnownFileType = wrapper.framework; name = VideoToolbox.framework; path = System/Library/Frameworks/VideoToolbox.framework; sourceTree = SDKROOT; };
		18A7785828843F150099C8B3 /* GPUImage.xcodeproj */ = {isa = PBXFileReference; lastKnownFileType = "wrapper.pb-project"; name = GPUImage.xcodeproj; path = ../RNVP_module/ios/GPUImage/framework/GPUImage.xcodeproj; sourceTree = "<group>"; };
		18CC70442884A99200F6E5D3 /* CoreServices.framework */ = {isa = PBXFileReference; lastKnownFileType = wrapper.framework; name = CoreServices.framework; path = System/Library/Frameworks/CoreServices.framework; sourceTree = SDKROOT; };
		18CC70532884D0B500F6E5D3 /* libavformat.a */ = {isa = PBXFileReference; lastKnownFileType = archive.ar; name = libavformat.a; path = "FFmpeg-iOS/lib/libavformat.a"; sourceTree = "<group>"; };
		18CC70542884D0B600F6E5D3 /* libavdevice.a */ = {isa = PBXFileReference; lastKnownFileType = archive.ar; name = libavdevice.a; path = "FFmpeg-iOS/lib/libavdevice.a"; sourceTree = "<group>"; };
		18CC70552884D0B600F6E5D3 /* libswresample.a */ = {isa = PBXFileReference; lastKnownFileType = archive.ar; name = libswresample.a; path = "FFmpeg-iOS/lib/libswresample.a"; sourceTree = "<group>"; };
		18CC70562884D0B600F6E5D3 /* libavcodec.a */ = {isa = PBXFileReference; lastKnownFileType = archive.ar; name = libavcodec.a; path = "FFmpeg-iOS/lib/libavcodec.a"; sourceTree = "<group>"; };
		18CC70572884D0B600F6E5D3 /* libavutil.a */ = {isa = PBXFileReference; lastKnownFileType = archive.ar; name = libavutil.a; path = "FFmpeg-iOS/lib/libavutil.a"; sourceTree = "<group>"; };
		18CC70582884D0B600F6E5D3 /* libavfilter.a */ = {isa = PBXFileReference; lastKnownFileType = archive.ar; name = libavfilter.a; path = "FFmpeg-iOS/lib/libavfilter.a"; sourceTree = "<group>"; };
		18CC70592884D0B600F6E5D3 /* libswscale.a */ = {isa = PBXFileReference; lastKnownFileType = archive.ar; name = libswscale.a; path = "FFmpeg-iOS/lib/libswscale.a"; sourceTree = "<group>"; };
		18FCA9A52879599500996AEC /* CoreVideo.framework */ = {isa = PBXFileReference; lastKnownFileType = wrapper.framework; name = CoreVideo.framework; path = System/Library/Frameworks/CoreVideo.framework; sourceTree = SDKROOT; };
		18FCA9AA2879599D00996AEC /* CoreMedia.framework */ = {isa = PBXFileReference; lastKnownFileType = wrapper.framework; name = CoreMedia.framework; path = System/Library/Frameworks/CoreMedia.framework; sourceTree = SDKROOT; };
		18FCA9AC287959A500996AEC /* CoreServices.framework */ = {isa = PBXFileReference; lastKnownFileType = wrapper.framework; name = CoreServices.framework; path = System/Library/Frameworks/CoreServices.framework; sourceTree = SDKROOT; };
		18FCA9AE287959B500996AEC /* AVFoundation.framework */ = {isa = PBXFileReference; lastKnownFileType = wrapper.framework; name = AVFoundation.framework; path = System/Library/Frameworks/AVFoundation.framework; sourceTree = SDKROOT; };
		18FCA9B0287959BC00996AEC /* OpenGLES.framework */ = {isa = PBXFileReference; lastKnownFileType = wrapper.framework; name = OpenGLES.framework; path = System/Library/Frameworks/OpenGLES.framework; sourceTree = SDKROOT; };
		18FCA9B528795A0000996AEC /* QuartzCore.framework */ = {isa = PBXFileReference; lastKnownFileType = wrapper.framework; name = QuartzCore.framework; path = System/Library/Frameworks/QuartzCore.framework; sourceTree = SDKROOT; };
		18FCA9B728795AC200996AEC /* RNVP-Bridging-Header.h */ = {isa = PBXFileReference; lastKnownFileType = sourcecode.c.h; path = "RNVP-Bridging-Header.h"; sourceTree = "<group>"; };
		2DBA763662AC500855C7BF76 /* Pods-RNVP.debug.xcconfig */ = {isa = PBXFileReference; includeInIndex = 1; lastKnownFileType = text.xcconfig; name = "Pods-RNVP.debug.xcconfig"; path = "Target Support Files/Pods-RNVP/Pods-RNVP.debug.xcconfig"; sourceTree = "<group>"; };
		81AB9BB72411601600AC10FF /* LaunchScreen.storyboard */ = {isa = PBXFileReference; fileEncoding = 4; lastKnownFileType = file.storyboard; name = LaunchScreen.storyboard; path = RNVP/LaunchScreen.storyboard; sourceTree = "<group>"; };
		A4C2C5E154112C284BECE472 /* Pods-RNVP-RNVPTests.debug.xcconfig */ = {isa = PBXFileReference; includeInIndex = 1; lastKnownFileType = text.xcconfig; name = "Pods-RNVP-RNVPTests.debug.xcconfig"; path = "Target Support Files/Pods-RNVP-RNVPTests/Pods-RNVP-RNVPTests.debug.xcconfig"; sourceTree = "<group>"; };
		B69564F2CEDBBD6FD068C3CB /* Pods-RNVP-RNVPTests.release.xcconfig */ = {isa = PBXFileReference; includeInIndex = 1; lastKnownFileType = text.xcconfig; name = "Pods-RNVP-RNVPTests.release.xcconfig"; path = "Target Support Files/Pods-RNVP-RNVPTests/Pods-RNVP-RNVPTests.release.xcconfig"; sourceTree = "<group>"; };
		E76B243BAB544E88FA05BC5A /* Pods-RNVP.release.xcconfig */ = {isa = PBXFileReference; includeInIndex = 1; lastKnownFileType = text.xcconfig; name = "Pods-RNVP.release.xcconfig"; path = "Target Support Files/Pods-RNVP/Pods-RNVP.release.xcconfig"; sourceTree = "<group>"; };
		ED297162215061F000B7C4FE /* JavaScriptCore.framework */ = {isa = PBXFileReference; lastKnownFileType = wrapper.framework; name = JavaScriptCore.framework; path = System/Library/Frameworks/JavaScriptCore.framework; sourceTree = SDKROOT; };
/* End PBXFileReference section */

/* Begin PBXFrameworksBuildPhase section */
		00E356EB1AD99517003FC87E /* Frameworks */ = {
			isa = PBXFrameworksBuildPhase;
			buildActionMask = 2147483647;
			files = (
			);
			runOnlyForDeploymentPostprocessing = 0;
		};
		13B07F8C1A680F5B00A75B9A /* Frameworks */ = {
			isa = PBXFrameworksBuildPhase;
			buildActionMask = 2147483647;
			files = (
				18A7786228848B1E0099C8B3 /* GPUImage.framework in Frameworks */,
				18A5CC1328812DDC00FD4911 /* VideoToolbox.framework in Frameworks */,
				18FCA9B628795A0000996AEC /* QuartzCore.framework in Frameworks */,
				18CC70502884CB2E00F6E5D3 /* FFmpeg.framework in Frameworks */,
				18A5CC052881224200FD4911 /* libz.tbd in Frameworks */,
				18A5CC042881223A00FD4911 /* libbz2.tbd in Frameworks */,
				18FCA9AB2879599D00996AEC /* CoreMedia.framework in Frameworks */,
				18FCA9AF287959B500996AEC /* AVFoundation.framework in Frameworks */,
				18FCA9A92879599500996AEC /* CoreVideo.framework in Frameworks */,
				18A5CC072881225600FD4911 /* libiconv.tbd in Frameworks */,
				18FCA9AD287959A500996AEC /* CoreServices.framework in Frameworks */,
				18FCA9B1287959BC00996AEC /* OpenGLES.framework in Frameworks */,
			);
			runOnlyForDeploymentPostprocessing = 0;
		};
/* End PBXFrameworksBuildPhase section */

/* Begin PBXGroup section */
		00E356EF1AD99517003FC87E /* RNVPTests */ = {
			isa = PBXGroup;
			children = (
				00E356F21AD99517003FC87E /* RNVPTests.m */,
				00E356F01AD99517003FC87E /* Supporting Files */,
			);
			path = RNVPTests;
			sourceTree = "<group>";
		};
		00E356F01AD99517003FC87E /* Supporting Files */ = {
			isa = PBXGroup;
			children = (
				00E356F11AD99517003FC87E /* Info.plist */,
			);
			name = "Supporting Files";
			sourceTree = "<group>";
		};
		13B07FAE1A68108700A75B9A /* RNVP */ = {
			isa = PBXGroup;
			children = (
				18A5CBB92881215800FD4911 /* RNVideoProcessingManager.swift */,
				18A5CBFF2881221D00FD4911 /* FFmpegDylibFramework */,
				13B07FAF1A68108700A75B9A /* AppDelegate.h */,
				13B07FB01A68108700A75B9A /* AppDelegate.m */,
				13B07FB51A68108700A75B9A /* Images.xcassets */,
				13B07FB61A68108700A75B9A /* Info.plist */,
				81AB9BB72411601600AC10FF /* LaunchScreen.storyboard */,
				13B07FB71A68108700A75B9A /* main.m */,
				18FCA9B728795AC200996AEC /* RNVP-Bridging-Header.h */,
			);
			name = RNVP;
			sourceTree = "<group>";
		};
		18029315288120EF0087A38A /* RNVideoProcessing */ = {
			isa = PBXGroup;
			children = (
				18A5CBE02881216500FD4911 /* RNVideoTrimmer */,
				18A5CBE12881216E00FD4911 /* RNVideoView */,
				18A5CBC22881215800FD4911 /* RNVideoPlayer.swift */,
				18A5CBB32881215800FD4911 /* RNVideoProcessing-Bridging-Header.h */,
				18A5CBB82881215800FD4911 /* RNVideoProcessing.h */,
				18A5CBC12881215800FD4911 /* RNVideoProcessingBridge.m */,
				18A5CBD12881215800FD4911 /* VideoProcessingGPUFilters.swift */,
			);
			path = RNVideoProcessing;
			sourceTree = "<group>";
		};
		18A5CBE02881216500FD4911 /* RNVideoTrimmer */ = {
			isa = PBXGroup;
			children = (
				18CC70442884A99200F6E5D3 /* CoreServices.framework */,
				18A5CBE42881218F00FD4911 /* AVUtilities.swift */,
				18A5CBE32881218F00FD4911 /* RNVideoTrimmer-Bridging-Header.h */,
				18A5CBE62881218F00FD4911 /* RNVideoTrimmer.swift */,
				18A5CBE72881218F00FD4911 /* RNVideoTrimmerBridge.m */,
				18A5CBE82881218F00FD4911 /* SDAVAssetExportSession.h */,
				18A5CBE52881218F00FD4911 /* SDAVAssetExportSession.m */,
			);
			path = RNVideoTrimmer;
			sourceTree = "<group>";
		};
		18A5CBE12881216E00FD4911 /* RNVideoView */ = {
			isa = PBXGroup;
			children = (
				18A5CBB72881215800FD4911 /* RCTSwiftBridgeModule.h */,
				18A5CBED288121A300FD4911 /* RNTrimmerView-Bridging-Header.h */,
				18A5CBEE288121A300FD4911 /* RNTrimmerView.h */,
				18A5CBEF288121A300FD4911 /* RNTrimmerView.swift */,
				18A5CBF0288121A300FD4911 /* RNTrimmerViewBridge.m */,
				18A5CBF1288121A300FD4911 /* RNTrimmerViewManager.swift */,
				18A5CBE22881217600FD4911 /* IGCVideoTrimmer */,
			);
			path = RNVideoView;
			sourceTree = "<group>";
		};
		18A5CBE22881217600FD4911 /* IGCVideoTrimmer */ = {
			isa = PBXGroup;
			children = (
				18A5CBF7288121B600FD4911 /* ICGRulerView.h */,
				18A5CBF6288121B600FD4911 /* ICGRulerView.m */,
				18A5CBF5288121B600FD4911 /* ICGVideoTrimmerView.h */,
				18A5CBFA288121B600FD4911 /* ICGThumbView.h */,
				18A5CBFB288121B600FD4911 /* ICGThumbView.m */,
				18A5CBF9288121B600FD4911 /* ICGVideoTrimmer.h */,
				18A5CBF8288121B600FD4911 /* ICGVideoTrimmerView.m */,
			);
			path = IGCVideoTrimmer;
			sourceTree = "<group>";
		};
		18A5CBFF2881221D00FD4911 /* FFmpegDylibFramework */ = {
			isa = PBXGroup;
			children = (
				18A5CC002881221D00FD4911 /* FFmpeg.framework */,
			);
			path = FFmpegDylibFramework;
			sourceTree = "<group>";
		};
		18A7785928843F150099C8B3 /* Products */ = {
			isa = PBXGroup;
			children = (
				18A7785F28843F150099C8B3 /* libGPUImage.a */,
				18A7786128843F150099C8B3 /* GPUImage.framework */,
			);
			name = Products;
			sourceTree = "<group>";
		};
		2D16E6871FA4F8E400B85C8A /* Frameworks */ = {
			isa = PBXGroup;
			children = (
				18CC70562884D0B600F6E5D3 /* libavcodec.a */,
				18CC70542884D0B600F6E5D3 /* libavdevice.a */,
				18CC70582884D0B600F6E5D3 /* libavfilter.a */,
				18CC70532884D0B500F6E5D3 /* libavformat.a */,
				18CC70572884D0B600F6E5D3 /* libavutil.a */,
				18CC70552884D0B600F6E5D3 /* libswresample.a */,
				18CC70592884D0B600F6E5D3 /* libswscale.a */,
				18A5CC1228812DDC00FD4911 /* VideoToolbox.framework */,
				18A5CC1028812BA700FD4911 /* FFmpeg.framework */,
				18A5CC062881224B00FD4911 /* libiconv.tbd */,
				18A5CC022881222C00FD4911 /* libz.tbd */,
				18A5CC032881223200FD4911 /* libbz2.tbd */,
				18FCA9B528795A0000996AEC /* QuartzCore.framework */,
				18FCA9B0287959BC00996AEC /* OpenGLES.framework */,
				18FCA9AE287959B500996AEC /* AVFoundation.framework */,
				18FCA9AC287959A500996AEC /* CoreServices.framework */,
				18FCA9AA2879599D00996AEC /* CoreMedia.framework */,
				18FCA9A52879599500996AEC /* CoreVideo.framework */,
				ED297162215061F000B7C4FE /* JavaScriptCore.framework */,
			);
			name = Frameworks;
			sourceTree = "<group>";
		};
		832341AE1AAA6A7D00B99B32 /* Libraries */ = {
			isa = PBXGroup;
			children = (
			);
			name = Libraries;
			sourceTree = "<group>";
		};
		83CBB9F61A601CBA00E9B192 = {
			isa = PBXGroup;
			children = (
				18A7785828843F150099C8B3 /* GPUImage.xcodeproj */,
				18029315288120EF0087A38A /* RNVideoProcessing */,
				13B07FAE1A68108700A75B9A /* RNVP */,
				832341AE1AAA6A7D00B99B32 /* Libraries */,
				00E356EF1AD99517003FC87E /* RNVPTests */,
				83CBBA001A601CBA00E9B192 /* Products */,
				2D16E6871FA4F8E400B85C8A /* Frameworks */,
				E5D8A413A6D9352B21E1B4EF /* Pods */,
			);
			indentWidth = 2;
			sourceTree = "<group>";
			tabWidth = 2;
			usesTabs = 0;
		};
		83CBBA001A601CBA00E9B192 /* Products */ = {
			isa = PBXGroup;
			children = (
				13B07F961A680F5B00A75B9A /* RNVP.app */,
				00E356EE1AD99517003FC87E /* RNVPTests.xctest */,
			);
			name = Products;
			sourceTree = "<group>";
		};
		E5D8A413A6D9352B21E1B4EF /* Pods */ = {
			isa = PBXGroup;
			children = (
				2DBA763662AC500855C7BF76 /* Pods-RNVP.debug.xcconfig */,
				E76B243BAB544E88FA05BC5A /* Pods-RNVP.release.xcconfig */,
				A4C2C5E154112C284BECE472 /* Pods-RNVP-RNVPTests.debug.xcconfig */,
				B69564F2CEDBBD6FD068C3CB /* Pods-RNVP-RNVPTests.release.xcconfig */,
			);
			path = Pods;
			sourceTree = "<group>";
		};
/* End PBXGroup section */

/* Begin PBXNativeTarget section */
		00E356ED1AD99517003FC87E /* RNVPTests */ = {
			isa = PBXNativeTarget;
			buildConfigurationList = 00E357021AD99517003FC87E /* Build configuration list for PBXNativeTarget "RNVPTests" */;
			buildPhases = (
				54E990A81D3F5B956D872E76 /* [CP] Check Pods Manifest.lock */,
				00E356EA1AD99517003FC87E /* Sources */,
				00E356EB1AD99517003FC87E /* Frameworks */,
				00E356EC1AD99517003FC87E /* Resources */,
				341601C438C04F44C448F683 /* [CP] Embed Pods Frameworks */,
				41D196B1B09CA5593B3FB311 /* [CP] Copy Pods Resources */,
			);
			buildRules = (
			);
			dependencies = (
				00E356F51AD99517003FC87E /* PBXTargetDependency */,
			);
			name = RNVPTests;
			productName = RNVPTests;
			productReference = 00E356EE1AD99517003FC87E /* RNVPTests.xctest */;
			productType = "com.apple.product-type.bundle.unit-test";
		};
		13B07F861A680F5B00A75B9A /* RNVP */ = {
			isa = PBXNativeTarget;
			buildConfigurationList = 13B07F931A680F5B00A75B9A /* Build configuration list for PBXNativeTarget "RNVP" */;
			buildPhases = (
				09C533C67855B0EF9590C8EA /* [CP] Check Pods Manifest.lock */,
				FD10A7F022414F080027D42C /* Start Packager */,
				13B07F871A680F5B00A75B9A /* Sources */,
				13B07F8C1A680F5B00A75B9A /* Frameworks */,
				13B07F8E1A680F5B00A75B9A /* Resources */,
				00DD1BFF1BD5951E006B06BC /* Bundle React Native code and images */,
				F81C110BC5A4A3916EDAF3E0 /* [CP] Embed Pods Frameworks */,
				CCCABB3E70256BE7F1588F5A /* [CP] Copy Pods Resources */,
				18CC70522884CB2E00F6E5D3 /* Embed Frameworks */,
			);
			buildRules = (
			);
			dependencies = (
			);
			name = RNVP;
			productName = RNVP;
			productReference = 13B07F961A680F5B00A75B9A /* RNVP.app */;
			productType = "com.apple.product-type.application";
		};
/* End PBXNativeTarget section */

/* Begin PBXProject section */
		83CBB9F71A601CBA00E9B192 /* Project object */ = {
			isa = PBXProject;
			attributes = {
				LastUpgradeCheck = 1210;
				TargetAttributes = {
					00E356ED1AD99517003FC87E = {
						CreatedOnToolsVersion = 6.2;
						TestTargetID = 13B07F861A680F5B00A75B9A;
					};
					13B07F861A680F5B00A75B9A = {
						LastSwiftMigration = 1340;
					};
				};
			};
			buildConfigurationList = 83CBB9FA1A601CBA00E9B192 /* Build configuration list for PBXProject "RNVP" */;
			compatibilityVersion = "Xcode 12.0";
			developmentRegion = en;
			hasScannedForEncodings = 0;
			knownRegions = (
				en,
				Base,
			);
			mainGroup = 83CBB9F61A601CBA00E9B192;
			productRefGroup = 83CBBA001A601CBA00E9B192 /* Products */;
			projectDirPath = "";
			projectReferences = (
				{
					ProductGroup = 18A7785928843F150099C8B3 /* Products */;
					ProjectRef = 18A7785828843F150099C8B3 /* GPUImage.xcodeproj */;
				},
			);
			projectRoot = "";
			targets = (
				13B07F861A680F5B00A75B9A /* RNVP */,
				00E356ED1AD99517003FC87E /* RNVPTests */,
			);
		};
/* End PBXProject section */

/* Begin PBXReferenceProxy section */
		18A7785F28843F150099C8B3 /* libGPUImage.a */ = {
			isa = PBXReferenceProxy;
			fileType = archive.ar;
			path = libGPUImage.a;
			remoteRef = 18A7785E28843F150099C8B3 /* PBXContainerItemProxy */;
			sourceTree = BUILT_PRODUCTS_DIR;
		};
		18A7786128843F150099C8B3 /* GPUImage.framework */ = {
			isa = PBXReferenceProxy;
			fileType = wrapper.framework;
			path = GPUImage.framework;
			remoteRef = 18A7786028843F150099C8B3 /* PBXContainerItemProxy */;
			sourceTree = BUILT_PRODUCTS_DIR;
		};
/* End PBXReferenceProxy section */

/* Begin PBXResourcesBuildPhase section */
		00E356EC1AD99517003FC87E /* Resources */ = {
			isa = PBXResourcesBuildPhase;
			buildActionMask = 2147483647;
			files = (
			);
			runOnlyForDeploymentPostprocessing = 0;
		};
		13B07F8E1A680F5B00A75B9A /* Resources */ = {
			isa = PBXResourcesBuildPhase;
			buildActionMask = 2147483647;
			files = (
				81AB9BB82411601600AC10FF /* LaunchScreen.storyboard in Resources */,
				13B07FBF1A68108700A75B9A /* Images.xcassets in Resources */,
			);
			runOnlyForDeploymentPostprocessing = 0;
		};
/* End PBXResourcesBuildPhase section */

/* Begin PBXShellScriptBuildPhase section */
		00DD1BFF1BD5951E006B06BC /* Bundle React Native code and images */ = {
			isa = PBXShellScriptBuildPhase;
			buildActionMask = 2147483647;
			files = (
			);
			inputPaths = (
			);
			name = "Bundle React Native code and images";
			outputPaths = (
			);
			runOnlyForDeploymentPostprocessing = 0;
			shellPath = /bin/sh;
			shellScript = "set -e\n\nexport NODE_BINARY=node\n../node_modules/react-native/scripts/react-native-xcode.sh\n";
		};
		09C533C67855B0EF9590C8EA /* [CP] Check Pods Manifest.lock */ = {
			isa = PBXShellScriptBuildPhase;
			buildActionMask = 2147483647;
			files = (
			);
			inputFileListPaths = (
			);
			inputPaths = (
				"${PODS_PODFILE_DIR_PATH}/Podfile.lock",
				"${PODS_ROOT}/Manifest.lock",
			);
			name = "[CP] Check Pods Manifest.lock";
			outputFileListPaths = (
			);
			outputPaths = (
				"$(DERIVED_FILE_DIR)/Pods-RNVP-checkManifestLockResult.txt",
			);
			runOnlyForDeploymentPostprocessing = 0;
			shellPath = /bin/sh;
			shellScript = "diff \"${PODS_PODFILE_DIR_PATH}/Podfile.lock\" \"${PODS_ROOT}/Manifest.lock\" > /dev/null\nif [ $? != 0 ] ; then\n    # print error to STDERR\n    echo \"error: The sandbox is not in sync with the Podfile.lock. Run 'pod install' or update your CocoaPods installation.\" >&2\n    exit 1\nfi\n# This output is used by Xcode 'outputs' to avoid re-running this script phase.\necho \"SUCCESS\" > \"${SCRIPT_OUTPUT_FILE_0}\"\n";
			showEnvVarsInLog = 0;
		};
		341601C438C04F44C448F683 /* [CP] Embed Pods Frameworks */ = {
			isa = PBXShellScriptBuildPhase;
			buildActionMask = 2147483647;
			files = (
			);
			inputFileListPaths = (
				"${PODS_ROOT}/Target Support Files/Pods-RNVP-RNVPTests/Pods-RNVP-RNVPTests-frameworks-${CONFIGURATION}-input-files.xcfilelist",
			);
			name = "[CP] Embed Pods Frameworks";
			outputFileListPaths = (
				"${PODS_ROOT}/Target Support Files/Pods-RNVP-RNVPTests/Pods-RNVP-RNVPTests-frameworks-${CONFIGURATION}-output-files.xcfilelist",
			);
			runOnlyForDeploymentPostprocessing = 0;
			shellPath = /bin/sh;
			shellScript = "\"${PODS_ROOT}/Target Support Files/Pods-RNVP-RNVPTests/Pods-RNVP-RNVPTests-frameworks.sh\"\n";
			showEnvVarsInLog = 0;
		};
		41D196B1B09CA5593B3FB311 /* [CP] Copy Pods Resources */ = {
			isa = PBXShellScriptBuildPhase;
			buildActionMask = 2147483647;
			files = (
			);
			inputFileListPaths = (
				"${PODS_ROOT}/Target Support Files/Pods-RNVP-RNVPTests/Pods-RNVP-RNVPTests-resources-${CONFIGURATION}-input-files.xcfilelist",
			);
			name = "[CP] Copy Pods Resources";
			outputFileListPaths = (
				"${PODS_ROOT}/Target Support Files/Pods-RNVP-RNVPTests/Pods-RNVP-RNVPTests-resources-${CONFIGURATION}-output-files.xcfilelist",
			);
			runOnlyForDeploymentPostprocessing = 0;
			shellPath = /bin/sh;
			shellScript = "\"${PODS_ROOT}/Target Support Files/Pods-RNVP-RNVPTests/Pods-RNVP-RNVPTests-resources.sh\"\n";
			showEnvVarsInLog = 0;
		};
		54E990A81D3F5B956D872E76 /* [CP] Check Pods Manifest.lock */ = {
			isa = PBXShellScriptBuildPhase;
			buildActionMask = 2147483647;
			files = (
			);
			inputFileListPaths = (
			);
			inputPaths = (
				"${PODS_PODFILE_DIR_PATH}/Podfile.lock",
				"${PODS_ROOT}/Manifest.lock",
			);
			name = "[CP] Check Pods Manifest.lock";
			outputFileListPaths = (
			);
			outputPaths = (
				"$(DERIVED_FILE_DIR)/Pods-RNVP-RNVPTests-checkManifestLockResult.txt",
			);
			runOnlyForDeploymentPostprocessing = 0;
			shellPath = /bin/sh;
			shellScript = "diff \"${PODS_PODFILE_DIR_PATH}/Podfile.lock\" \"${PODS_ROOT}/Manifest.lock\" > /dev/null\nif [ $? != 0 ] ; then\n    # print error to STDERR\n    echo \"error: The sandbox is not in sync with the Podfile.lock. Run 'pod install' or update your CocoaPods installation.\" >&2\n    exit 1\nfi\n# This output is used by Xcode 'outputs' to avoid re-running this script phase.\necho \"SUCCESS\" > \"${SCRIPT_OUTPUT_FILE_0}\"\n";
			showEnvVarsInLog = 0;
		};
		CCCABB3E70256BE7F1588F5A /* [CP] Copy Pods Resources */ = {
			isa = PBXShellScriptBuildPhase;
			buildActionMask = 2147483647;
			files = (
			);
			inputFileListPaths = (
				"${PODS_ROOT}/Target Support Files/Pods-RNVP/Pods-RNVP-resources-${CONFIGURATION}-input-files.xcfilelist",
			);
			name = "[CP] Copy Pods Resources";
			outputFileListPaths = (
				"${PODS_ROOT}/Target Support Files/Pods-RNVP/Pods-RNVP-resources-${CONFIGURATION}-output-files.xcfilelist",
			);
			runOnlyForDeploymentPostprocessing = 0;
			shellPath = /bin/sh;
			shellScript = "\"${PODS_ROOT}/Target Support Files/Pods-RNVP/Pods-RNVP-resources.sh\"\n";
			showEnvVarsInLog = 0;
		};
		F81C110BC5A4A3916EDAF3E0 /* [CP] Embed Pods Frameworks */ = {
			isa = PBXShellScriptBuildPhase;
			buildActionMask = 2147483647;
			files = (
			);
			inputFileListPaths = (
				"${PODS_ROOT}/Target Support Files/Pods-RNVP/Pods-RNVP-frameworks-${CONFIGURATION}-input-files.xcfilelist",
			);
			name = "[CP] Embed Pods Frameworks";
			outputFileListPaths = (
				"${PODS_ROOT}/Target Support Files/Pods-RNVP/Pods-RNVP-frameworks-${CONFIGURATION}-output-files.xcfilelist",
			);
			runOnlyForDeploymentPostprocessing = 0;
			shellPath = /bin/sh;
			shellScript = "\"${PODS_ROOT}/Target Support Files/Pods-RNVP/Pods-RNVP-frameworks.sh\"\n";
			showEnvVarsInLog = 0;
		};
		FD10A7F022414F080027D42C /* Start Packager */ = {
			isa = PBXShellScriptBuildPhase;
			buildActionMask = 2147483647;
			files = (
			);
			inputFileListPaths = (
			);
			inputPaths = (
			);
			name = "Start Packager";
			outputFileListPaths = (
			);
			outputPaths = (
			);
			runOnlyForDeploymentPostprocessing = 0;
			shellPath = /bin/sh;
			shellScript = "export RCT_METRO_PORT=\"${RCT_METRO_PORT:=8081}\"\necho \"export RCT_METRO_PORT=${RCT_METRO_PORT}\" > \"${SRCROOT}/../node_modules/react-native/scripts/.packager.env\"\nif [ -z \"${RCT_NO_LAUNCH_PACKAGER+xxx}\" ] ; then\n  if nc -w 5 -z localhost ${RCT_METRO_PORT} ; then\n    if ! curl -s \"http://localhost:${RCT_METRO_PORT}/status\" | grep -q \"packager-status:running\" ; then\n      echo \"Port ${RCT_METRO_PORT} already in use, packager is either not running or not running correctly\"\n      exit 2\n    fi\n  else\n    open \"$SRCROOT/../node_modules/react-native/scripts/launchPackager.command\" || echo \"Can't start packager automatically\"\n  fi\nfi\n";
			showEnvVarsInLog = 0;
		};
/* End PBXShellScriptBuildPhase section */

/* Begin PBXSourcesBuildPhase section */
		00E356EA1AD99517003FC87E /* Sources */ = {
			isa = PBXSourcesBuildPhase;
			buildActionMask = 2147483647;
			files = (
				00E356F31AD99517003FC87E /* RNVPTests.m in Sources */,
			);
			runOnlyForDeploymentPostprocessing = 0;
		};
		13B07F871A680F5B00A75B9A /* Sources */ = {
			isa = PBXSourcesBuildPhase;
			buildActionMask = 2147483647;
			files = (
				18A5CBF2288121A300FD4911 /* RNTrimmerView.swift in Sources */,
				18A5CBE92881218F00FD4911 /* AVUtilities.swift in Sources */,
				13B07FBC1A68108700A75B9A /* AppDelegate.m in Sources */,
				18A5CBFC288121B600FD4911 /* ICGRulerView.m in Sources */,
				18A5CBEB2881218F00FD4911 /* RNVideoTrimmer.swift in Sources */,
				18A5CBF3288121A300FD4911 /* RNTrimmerViewBridge.m in Sources */,
				18A5CBDF2881215800FD4911 /* VideoProcessingGPUFilters.swift in Sources */,
				18A5CBFE288121B700FD4911 /* ICGThumbView.m in Sources */,
				18A5CBD82881215800FD4911 /* RNVideoPlayer.swift in Sources */,
				18A5CBFD288121B700FD4911 /* ICGVideoTrimmerView.m in Sources */,
				18A5CBD22881215800FD4911 /* RNVideoProcessingManager.swift in Sources */,
				13B07FC11A68108700A75B9A /* main.m in Sources */,
				18A5CBD72881215800FD4911 /* RNVideoProcessingBridge.m in Sources */,
				18A5CBF4288121A300FD4911 /* RNTrimmerViewManager.swift in Sources */,
				18A5CBEA2881218F00FD4911 /* SDAVAssetExportSession.m in Sources */,
				18A5CBEC2881218F00FD4911 /* RNVideoTrimmerBridge.m in Sources */,
			);
			runOnlyForDeploymentPostprocessing = 0;
		};
/* End PBXSourcesBuildPhase section */

/* Begin PBXTargetDependency section */
		00E356F51AD99517003FC87E /* PBXTargetDependency */ = {
			isa = PBXTargetDependency;
			target = 13B07F861A680F5B00A75B9A /* RNVP */;
			targetProxy = 00E356F41AD99517003FC87E /* PBXContainerItemProxy */;
		};
/* End PBXTargetDependency section */

/* Begin XCBuildConfiguration section */
		00E356F61AD99517003FC87E /* Debug */ = {
			isa = XCBuildConfiguration;
			baseConfigurationReference = A4C2C5E154112C284BECE472 /* Pods-RNVP-RNVPTests.debug.xcconfig */;
			buildSettings = {
				ALWAYS_EMBED_SWIFT_STANDARD_LIBRARIES = YES;
				BUNDLE_LOADER = "$(TEST_HOST)";
				GCC_PREPROCESSOR_DEFINITIONS = (
					"DEBUG=1",
					"$(inherited)",
				);
				INFOPLIST_FILE = RNVPTests/Info.plist;
				IPHONEOS_DEPLOYMENT_TARGET = 11.0;
				LD_RUNPATH_SEARCH_PATHS = (
					"$(inherited)",
					"@executable_path/Frameworks",
					"@loader_path/Frameworks",
				);
				OTHER_LDFLAGS = (
					"-ObjC",
					"-lc++",
					"$(inherited)",
				);
				PRODUCT_BUNDLE_IDENTIFIER = "org.reactjs.native.example.$(PRODUCT_NAME:rfc1034identifier)";
				PRODUCT_NAME = "$(TARGET_NAME)";
				TEST_HOST = "$(BUILT_PRODUCTS_DIR)/RNVP.app/RNVP";
			};
			name = Debug;
		};
		00E356F71AD99517003FC87E /* Release */ = {
			isa = XCBuildConfiguration;
			baseConfigurationReference = B69564F2CEDBBD6FD068C3CB /* Pods-RNVP-RNVPTests.release.xcconfig */;
			buildSettings = {
				ALWAYS_EMBED_SWIFT_STANDARD_LIBRARIES = YES;
				BUNDLE_LOADER = "$(TEST_HOST)";
				COPY_PHASE_STRIP = NO;
				INFOPLIST_FILE = RNVPTests/Info.plist;
				IPHONEOS_DEPLOYMENT_TARGET = 11.0;
				LD_RUNPATH_SEARCH_PATHS = (
					"$(inherited)",
					"@executable_path/Frameworks",
					"@loader_path/Frameworks",
				);
				OTHER_LDFLAGS = (
					"-ObjC",
					"-lc++",
					"$(inherited)",
				);
				PRODUCT_BUNDLE_IDENTIFIER = "org.reactjs.native.example.$(PRODUCT_NAME:rfc1034identifier)";
				PRODUCT_NAME = "$(TARGET_NAME)";
				TEST_HOST = "$(BUILT_PRODUCTS_DIR)/RNVP.app/RNVP";
			};
			name = Release;
		};
		13B07F941A680F5B00A75B9A /* Debug */ = {
			isa = XCBuildConfiguration;
			baseConfigurationReference = 2DBA763662AC500855C7BF76 /* Pods-RNVP.debug.xcconfig */;
			buildSettings = {
				ASSETCATALOG_COMPILER_APPICON_NAME = AppIcon;
				CLANG_ENABLE_MODULES = YES;
				CURRENT_PROJECT_VERSION = 1;
				ENABLE_BITCODE = NO;
				FRAMEWORK_SEARCH_PATHS = (
					"$(inherited)",
					"$(SRCROOT)/**",
					"$(PROJECT_DIR)/FFmpegDylibFramework",
				);
				HEADER_SEARCH_PATHS = (
					/FFmpegDylibFramework/FFmpeg.framework/Headers,
					"/FFmprg-iOS/include",
					"$(inherited)",
					"\"${PODS_ROOT}/Headers/Public\"",
					"\"${PODS_ROOT}/Headers/Public/CocoaAsyncSocket\"",
					"\"${PODS_ROOT}/Headers/Public/DoubleConversion\"",
					"\"${PODS_ROOT}/Headers/Public/FBLazyVector\"",
					"\"${PODS_ROOT}/Headers/Public/FBReactNativeSpec\"",
					"\"${PODS_ROOT}/Headers/Public/Flipper\"",
					"\"${PODS_ROOT}/Headers/Public/Flipper-Fmt\"",
					"\"${PODS_ROOT}/Headers/Public/Flipper-Folly\"",
					"\"${PODS_ROOT}/Headers/Public/Flipper-Glog\"",
					"\"${PODS_ROOT}/Headers/Public/Flipper-PeerTalk\"",
					"\"${PODS_ROOT}/Headers/Public/Flipper-RSocket\"",
					"\"${PODS_ROOT}/Headers/Public/FlipperKit\"",
					"\"${PODS_ROOT}/Headers/Public/RCT-Folly\"",
					"\"${PODS_ROOT}/Headers/Public/RCTRequired\"",
					"\"${PODS_ROOT}/Headers/Public/RCTTypeSafety\"",
					"\"${PODS_ROOT}/Headers/Public/RNGestureHandler\"",
					"\"${PODS_ROOT}/Headers/Public/RNScreens\"",
					"\"${PODS_ROOT}/Headers/Public/React-Core\"",
					"\"${PODS_ROOT}/Headers/Public/React-RCTBlob\"",
					"\"${PODS_ROOT}/Headers/Public/React-RCTText\"",
					"\"${PODS_ROOT}/Headers/Public/React-callinvoker\"",
					"\"${PODS_ROOT}/Headers/Public/React-cxxreact\"",
					"\"${PODS_ROOT}/Headers/Public/React-jsi\"",
					"\"${PODS_ROOT}/Headers/Public/React-jsiexecutor\"",
					"\"${PODS_ROOT}/Headers/Public/React-jsinspector\"",
					"\"${PODS_ROOT}/Headers/Public/React-logger\"",
					"\"${PODS_ROOT}/Headers/Public/React-perflogger\"",
					"\"${PODS_ROOT}/Headers/Public/React-runtimeexecutor\"",
					"\"${PODS_ROOT}/Headers/Public/ReactCommon\"",
					"\"${PODS_ROOT}/Headers/Public/Yoga\"",
					"\"${PODS_ROOT}/Headers/Public/YogaKit\"",
					"\"${PODS_ROOT}/Headers/Public/fmt\"",
					"\"${PODS_ROOT}/Headers/Public/glog\"",
					"\"${PODS_ROOT}/Headers/Public/libevent\"",
					"\"${PODS_ROOT}/Headers/Public/react-native-image-picker\"",
					"\"${PODS_ROOT}/Headers/Public/react-native-safe-area-context\"",
					"\"${PODS_ROOT}/Headers/Public/react-native-video\"",
					"\"$(PODS_ROOT)/DoubleConversion\"",
					"\"$(PODS_ROOT)/boost\"",
					"\"$(PODS_ROOT)/Headers/Private/React-Core\"",
					"\"$(PODS_TARGET_SRCROOT)/include/\"",
				);
				INFOPLIST_FILE = RNVP/Info.plist;
				LD_RUNPATH_SEARCH_PATHS = (
					"$(inherited)",
					"@executable_path/Frameworks",
				);
				LIBRARY_SEARCH_PATHS = (
					"$(inherited)",
					"$(PROJECT_DIR)/FFmpeg-iOS/lib",
				);
				OTHER_LDFLAGS = (
					"$(inherited)",
					"-ObjC",
					"-lc++",
				);
				PRODUCT_BUNDLE_IDENTIFIER = "org.reactjs.native.example.$(PRODUCT_NAME:rfc1034identifier)";
				PRODUCT_NAME = RNVP;
				SWIFT_OBJC_BRIDGING_HEADER = "RNVP-Bridging-Header.h";
				SWIFT_OPTIMIZATION_LEVEL = "-Onone";
				SWIFT_VERSION = 5.0;
				VERSIONING_SYSTEM = "apple-generic";
			};
			name = Debug;
		};
		13B07F951A680F5B00A75B9A /* Release */ = {
			isa = XCBuildConfiguration;
			baseConfigurationReference = E76B243BAB544E88FA05BC5A /* Pods-RNVP.release.xcconfig */;
			buildSettings = {
				ASSETCATALOG_COMPILER_APPICON_NAME = AppIcon;
				CLANG_ENABLE_MODULES = YES;
				CURRENT_PROJECT_VERSION = 1;
				FRAMEWORK_SEARCH_PATHS = (
					"$(inherited)",
					"$(SRCROOT)/**",
					"$(PROJECT_DIR)/FFmpegDylibFramework",
				);
				HEADER_SEARCH_PATHS = (
					/FFmpegDylibFramework/FFmpeg.framework/Headers,
					"/FFmprg-iOS/include",
					"$(inherited)",
					"\"${PODS_ROOT}/Headers/Public\"",
					"\"${PODS_ROOT}/Headers/Public/CocoaAsyncSocket\"",
					"\"${PODS_ROOT}/Headers/Public/DoubleConversion\"",
					"\"${PODS_ROOT}/Headers/Public/FBLazyVector\"",
					"\"${PODS_ROOT}/Headers/Public/FBReactNativeSpec\"",
					"\"${PODS_ROOT}/Headers/Public/Flipper\"",
					"\"${PODS_ROOT}/Headers/Public/Flipper-Fmt\"",
					"\"${PODS_ROOT}/Headers/Public/Flipper-Folly\"",
					"\"${PODS_ROOT}/Headers/Public/Flipper-Glog\"",
					"\"${PODS_ROOT}/Headers/Public/Flipper-PeerTalk\"",
					"\"${PODS_ROOT}/Headers/Public/Flipper-RSocket\"",
					"\"${PODS_ROOT}/Headers/Public/FlipperKit\"",
					"\"${PODS_ROOT}/Headers/Public/RCT-Folly\"",
					"\"${PODS_ROOT}/Headers/Public/RCTRequired\"",
					"\"${PODS_ROOT}/Headers/Public/RCTTypeSafety\"",
					"\"${PODS_ROOT}/Headers/Public/RNGestureHandler\"",
					"\"${PODS_ROOT}/Headers/Public/RNScreens\"",
					"\"${PODS_ROOT}/Headers/Public/React-Core\"",
					"\"${PODS_ROOT}/Headers/Public/React-RCTBlob\"",
					"\"${PODS_ROOT}/Headers/Public/React-RCTText\"",
					"\"${PODS_ROOT}/Headers/Public/React-callinvoker\"",
					"\"${PODS_ROOT}/Headers/Public/React-cxxreact\"",
					"\"${PODS_ROOT}/Headers/Public/React-jsi\"",
					"\"${PODS_ROOT}/Headers/Public/React-jsiexecutor\"",
					"\"${PODS_ROOT}/Headers/Public/React-jsinspector\"",
					"\"${PODS_ROOT}/Headers/Public/React-logger\"",
					"\"${PODS_ROOT}/Headers/Public/React-perflogger\"",
					"\"${PODS_ROOT}/Headers/Public/React-runtimeexecutor\"",
					"\"${PODS_ROOT}/Headers/Public/ReactCommon\"",
					"\"${PODS_ROOT}/Headers/Public/Yoga\"",
					"\"${PODS_ROOT}/Headers/Public/YogaKit\"",
					"\"${PODS_ROOT}/Headers/Public/fmt\"",
					"\"${PODS_ROOT}/Headers/Public/glog\"",
					"\"${PODS_ROOT}/Headers/Public/libevent\"",
					"\"${PODS_ROOT}/Headers/Public/react-native-image-picker\"",
					"\"${PODS_ROOT}/Headers/Public/react-native-safe-area-context\"",
					"\"${PODS_ROOT}/Headers/Public/react-native-video\"",
					"\"$(PODS_ROOT)/DoubleConversion\"",
					"\"$(PODS_ROOT)/boost\"",
					"\"$(PODS_ROOT)/Headers/Private/React-Core\"",
					"\"$(PODS_TARGET_SRCROOT)/include/\"",
				);
				INFOPLIST_FILE = RNVP/Info.plist;
				LD_RUNPATH_SEARCH_PATHS = (
					"$(inherited)",
					"@executable_path/Frameworks",
				);
				LIBRARY_SEARCH_PATHS = (
					"$(inherited)",
					"$(PROJECT_DIR)/FFmpeg-iOS/lib",
				);
				OTHER_LDFLAGS = (
					"$(inherited)",
					"-ObjC",
					"-lc++",
				);
				PRODUCT_BUNDLE_IDENTIFIER = "org.reactjs.native.example.$(PRODUCT_NAME:rfc1034identifier)";
				PRODUCT_NAME = RNVP;
				SWIFT_OBJC_BRIDGING_HEADER = "RNVP-Bridging-Header.h";
				SWIFT_VERSION = 5.0;
				VERSIONING_SYSTEM = "apple-generic";
			};
			name = Release;
		};
		83CBBA201A601CBA00E9B192 /* Debug */ = {
			isa = XCBuildConfiguration;
			buildSettings = {
				ALWAYS_SEARCH_USER_PATHS = NO;
				CLANG_ALLOW_NON_MODULAR_INCLUDES_IN_FRAMEWORK_MODULES = YES;
				CLANG_ANALYZER_LOCALIZABILITY_NONLOCALIZED = YES;
				CLANG_CXX_LANGUAGE_STANDARD = "gnu++0x";
				CLANG_CXX_LIBRARY = "libc++";
				CLANG_ENABLE_MODULES = YES;
				CLANG_ENABLE_OBJC_ARC = YES;
				CLANG_WARN_BLOCK_CAPTURE_AUTORELEASING = YES;
				CLANG_WARN_BOOL_CONVERSION = YES;
				CLANG_WARN_COMMA = YES;
				CLANG_WARN_CONSTANT_CONVERSION = YES;
				CLANG_WARN_DEPRECATED_OBJC_IMPLEMENTATIONS = YES;
				CLANG_WARN_DIRECT_OBJC_ISA_USAGE = YES_ERROR;
				CLANG_WARN_EMPTY_BODY = YES;
				CLANG_WARN_ENUM_CONVERSION = YES;
				CLANG_WARN_INFINITE_RECURSION = YES;
				CLANG_WARN_INT_CONVERSION = YES;
				CLANG_WARN_NON_LITERAL_NULL_CONVERSION = YES;
				CLANG_WARN_OBJC_IMPLICIT_RETAIN_SELF = YES;
				CLANG_WARN_OBJC_LITERAL_CONVERSION = YES;
				CLANG_WARN_OBJC_ROOT_CLASS = YES_ERROR;
				CLANG_WARN_QUOTED_INCLUDE_IN_FRAMEWORK_HEADER = YES;
				CLANG_WARN_RANGE_LOOP_ANALYSIS = YES;
				CLANG_WARN_STRICT_PROTOTYPES = YES;
				CLANG_WARN_SUSPICIOUS_MOVE = YES;
				CLANG_WARN_UNREACHABLE_CODE = YES;
				CLANG_WARN__DUPLICATE_METHOD_MATCH = YES;
				"CODE_SIGN_IDENTITY[sdk=iphoneos*]" = "iPhone Developer";
				COPY_PHASE_STRIP = NO;
				ENABLE_STRICT_OBJC_MSGSEND = YES;
				ENABLE_TESTABILITY = YES;
				"EXCLUDED_ARCHS[sdk=iphonesimulator*]" = "arm64 ";
				GCC_C_LANGUAGE_STANDARD = gnu99;
				GCC_DYNAMIC_NO_PIC = NO;
				GCC_NO_COMMON_BLOCKS = YES;
				GCC_OPTIMIZATION_LEVEL = 0;
				GCC_PREPROCESSOR_DEFINITIONS = (
					"DEBUG=1",
					"$(inherited)",
				);
				GCC_SYMBOLS_PRIVATE_EXTERN = NO;
				GCC_WARN_64_TO_32_BIT_CONVERSION = YES;
				GCC_WARN_ABOUT_RETURN_TYPE = YES_ERROR;
				GCC_WARN_UNDECLARED_SELECTOR = YES;
				GCC_WARN_UNINITIALIZED_AUTOS = YES_AGGRESSIVE;
				GCC_WARN_UNUSED_FUNCTION = YES;
				GCC_WARN_UNUSED_VARIABLE = YES;
				IPHONEOS_DEPLOYMENT_TARGET = 11.0;
				LD_RUNPATH_SEARCH_PATHS = (
					/usr/lib/swift,
					"$(inherited)",
				);
				LIBRARY_SEARCH_PATHS = (
					"\"$(SDKROOT)/usr/lib/swift\"",
					"\"$(TOOLCHAIN_DIR)/usr/lib/swift/$(PLATFORM_NAME)\"",
					"\"$(TOOLCHAIN_DIR)/usr/lib/swift-5.0/$(PLATFORM_NAME)\"",
					"\"$(inherited)\"",
				);
				MTL_ENABLE_DEBUG_INFO = YES;
				ONLY_ACTIVE_ARCH = YES;
				SDKROOT = iphoneos;
				VALIDATE_WORKSPACE = YES;
			};
			name = Debug;
		};
		83CBBA211A601CBA00E9B192 /* Release */ = {
			isa = XCBuildConfiguration;
			buildSettings = {
				ALWAYS_SEARCH_USER_PATHS = NO;
				CLANG_ALLOW_NON_MODULAR_INCLUDES_IN_FRAMEWORK_MODULES = YES;
				CLANG_ANALYZER_LOCALIZABILITY_NONLOCALIZED = YES;
				CLANG_CXX_LANGUAGE_STANDARD = "gnu++0x";
				CLANG_CXX_LIBRARY = "libc++";
				CLANG_ENABLE_MODULES = YES;
				CLANG_ENABLE_OBJC_ARC = YES;
				CLANG_WARN_BLOCK_CAPTURE_AUTORELEASING = YES;
				CLANG_WARN_BOOL_CONVERSION = YES;
				CLANG_WARN_COMMA = YES;
				CLANG_WARN_CONSTANT_CONVERSION = YES;
				CLANG_WARN_DEPRECATED_OBJC_IMPLEMENTATIONS = YES;
				CLANG_WARN_DIRECT_OBJC_ISA_USAGE = YES_ERROR;
				CLANG_WARN_EMPTY_BODY = YES;
				CLANG_WARN_ENUM_CONVERSION = YES;
				CLANG_WARN_INFINITE_RECURSION = YES;
				CLANG_WARN_INT_CONVERSION = YES;
				CLANG_WARN_NON_LITERAL_NULL_CONVERSION = YES;
				CLANG_WARN_OBJC_IMPLICIT_RETAIN_SELF = YES;
				CLANG_WARN_OBJC_LITERAL_CONVERSION = YES;
				CLANG_WARN_OBJC_ROOT_CLASS = YES_ERROR;
				CLANG_WARN_QUOTED_INCLUDE_IN_FRAMEWORK_HEADER = YES;
				CLANG_WARN_RANGE_LOOP_ANALYSIS = YES;
				CLANG_WARN_STRICT_PROTOTYPES = YES;
				CLANG_WARN_SUSPICIOUS_MOVE = YES;
				CLANG_WARN_UNREACHABLE_CODE = YES;
				CLANG_WARN__DUPLICATE_METHOD_MATCH = YES;
				"CODE_SIGN_IDENTITY[sdk=iphoneos*]" = "iPhone Developer";
				COPY_PHASE_STRIP = YES;
				ENABLE_NS_ASSERTIONS = NO;
				ENABLE_STRICT_OBJC_MSGSEND = YES;
				"EXCLUDED_ARCHS[sdk=iphonesimulator*]" = "arm64 ";
				GCC_C_LANGUAGE_STANDARD = gnu99;
				GCC_NO_COMMON_BLOCKS = YES;
				GCC_WARN_64_TO_32_BIT_CONVERSION = YES;
				GCC_WARN_ABOUT_RETURN_TYPE = YES_ERROR;
				GCC_WARN_UNDECLARED_SELECTOR = YES;
				GCC_WARN_UNINITIALIZED_AUTOS = YES_AGGRESSIVE;
				GCC_WARN_UNUSED_FUNCTION = YES;
				GCC_WARN_UNUSED_VARIABLE = YES;
				IPHONEOS_DEPLOYMENT_TARGET = 11.0;
				LD_RUNPATH_SEARCH_PATHS = (
					/usr/lib/swift,
					"$(inherited)",
				);
				LIBRARY_SEARCH_PATHS = (
					"\"$(SDKROOT)/usr/lib/swift\"",
					"\"$(TOOLCHAIN_DIR)/usr/lib/swift/$(PLATFORM_NAME)\"",
					"\"$(TOOLCHAIN_DIR)/usr/lib/swift-5.0/$(PLATFORM_NAME)\"",
					"\"$(inherited)\"",
				);
				MTL_ENABLE_DEBUG_INFO = NO;
				SDKROOT = iphoneos;
				VALIDATE_PRODUCT = YES;
				VALIDATE_WORKSPACE = YES;
			};
			name = Release;
		};
/* End XCBuildConfiguration section */

/* Begin XCConfigurationList section */
		00E357021AD99517003FC87E /* Build configuration list for PBXNativeTarget "RNVPTests" */ = {
			isa = XCConfigurationList;
			buildConfigurations = (
				00E356F61AD99517003FC87E /* Debug */,
				00E356F71AD99517003FC87E /* Release */,
			);
			defaultConfigurationIsVisible = 0;
			defaultConfigurationName = Release;
		};
		13B07F931A680F5B00A75B9A /* Build configuration list for PBXNativeTarget "RNVP" */ = {
			isa = XCConfigurationList;
			buildConfigurations = (
				13B07F941A680F5B00A75B9A /* Debug */,
				13B07F951A680F5B00A75B9A /* Release */,
			);
			defaultConfigurationIsVisible = 0;
			defaultConfigurationName = Release;
		};
		83CBB9FA1A601CBA00E9B192 /* Build configuration list for PBXProject "RNVP" */ = {
			isa = XCConfigurationList;
			buildConfigurations = (
				83CBBA201A601CBA00E9B192 /* Debug */,
				83CBBA211A601CBA00E9B192 /* Release */,
			);
			defaultConfigurationIsVisible = 0;
			defaultConfigurationName = Release;
		};
/* End XCConfigurationList section */
	};
	rootObject = 83CBB9F71A601CBA00E9B192 /* Project object */;
}
